// !$*UTF8*$!
{
	archiveVersion = 1;
	classes = {
	};
	objectVersion = 77;
	objects = {

/* Begin PBXBuildFile section */
		2559D3092DAE0E2E000BA1D1 /* XIBArtistCollectionCell.swift in Sources */ = {isa = PBXBuildFile; fileRef = 2559D3072DAE0E2E000BA1D1 /* XIBArtistCollectionCell.swift */; };
		2559D30A2DAE0E2E000BA1D1 /* XIBArtistCollectionCell.xib in Resources */ = {isa = PBXBuildFile; fileRef = 2559D3082DAE0E2E000BA1D1 /* XIBArtistCollectionCell.xib */; };
		256A65FC2DB10CD50040E594 /* MainVC.swift in Sources */ = {isa = PBXBuildFile; fileRef = 256A65FB2DB10CD50040E594 /* MainVC.swift */; };
		25EDB4F82DAD09750028684C /* Payal.mp3 in Resources */ = {isa = PBXBuildFile; fileRef = 25EDB4F72DAD09750028684C /* Payal.mp3 */; };
		25EDB4F92DAD09750028684C /* Millioner.mp3 in Resources */ = {isa = PBXBuildFile; fileRef = 25EDB4F62DAD09750028684C /* Millioner.mp3 */; };
		25EDB4FA2DAD09750028684C /* GoodBoy.mp3 in Resources */ = {isa = PBXBuildFile; fileRef = 25EDB4F42DAD09750028684C /* GoodBoy.mp3 */; };
		25EDB4FB2DAD09750028684C /* BigDawgs.mp3 in Resources */ = {isa = PBXBuildFile; fileRef = 25EDB4F52DAD09750028684C /* BigDawgs.mp3 */; };
		25EDB4FD2DAD09FC0028684C /* SongListVC.swift in Sources */ = {isa = PBXBuildFile; fileRef = 25EDB4FC2DAD09FC0028684C /* SongListVC.swift */; };
		25EDB5042DAD1E900028684C /* XIBCell1.swift in Sources */ = {isa = PBXBuildFile; fileRef = 25EDB5022DAD1E900028684C /* XIBCell1.swift */; };
		25EDB5052DAD1E900028684C /* XIBCell1.xib in Resources */ = {isa = PBXBuildFile; fileRef = 25EDB5032DAD1E900028684C /* XIBCell1.xib */; };
		25EDB5072DAD20C10028684C /* PlayerVC.swift in Sources */ = {isa = PBXBuildFile; fileRef = 25EDB5062DAD20C10028684C /* PlayerVC.swift */; };
		25F4FE6F2DACF2C6007F90F9 /* Assets.xcassets in Resources */ = {isa = PBXBuildFile; fileRef = 25F4FE652DACF2C6007F90F9 /* Assets.xcassets */; };
		25F4FE712DACF2C6007F90F9 /* LaunchScreen.storyboard in Resources */ = {isa = PBXBuildFile; fileRef = 25F4FE682DACF2C6007F90F9 /* LaunchScreen.storyboard */; };
		25F4FE722DACF2C6007F90F9 /* Main.storyboard in Resources */ = {isa = PBXBuildFile; fileRef = 25F4FE6A2DACF2C6007F90F9 /* Main.storyboard */; };
		25F4FE732DACF2C6007F90F9 /* AppDelegate.swift in Sources */ = {isa = PBXBuildFile; fileRef = 25F4FE632DACF2C6007F90F9 /* AppDelegate.swift */; };
		25F4FE742DACF2C6007F90F9 /* AppleMusicPlayer.xcdatamodeld in Sources */ = {isa = PBXBuildFile; fileRef = 25F4FE642DACF2C6007F90F9 /* AppleMusicPlayer.xcdatamodeld */; };
		25F4FE752DACF2C6007F90F9 /* SceneDelegate.swift in Sources */ = {isa = PBXBuildFile; fileRef = 25F4FE6B2DACF2C6007F90F9 /* SceneDelegate.swift */; };
		25F4FE762DACF2C6007F90F9 /* ViewController.swift in Sources */ = {isa = PBXBuildFile; fileRef = 25F4FE6C2DACF2C6007F90F9 /* ViewController.swift */; };
		25F4FE792DACF2CA007F90F9 /* AppleMusicPlayerTests.swift in Sources */ = {isa = PBXBuildFile; fileRef = 25F4FE772DACF2CA007F90F9 /* AppleMusicPlayerTests.swift */; };
		25F4FE7D2DACF2CD007F90F9 /* AppleMusicPlayerUITests.swift in Sources */ = {isa = PBXBuildFile; fileRef = 25F4FE7A2DACF2CD007F90F9 /* AppleMusicPlayerUITests.swift */; };
		25F4FE7E2DACF2CD007F90F9 /* AppleMusicPlayerUITestsLaunchTests.swift in Sources */ = {isa = PBXBuildFile; fileRef = 25F4FE7B2DACF2CD007F90F9 /* AppleMusicPlayerUITestsLaunchTests.swift */; };
		25F4FE812DACF2E6007F90F9 /* CornerRadius_Border_Gradient.swift in Sources */ = {isa = PBXBuildFile; fileRef = 25F4FE802DACF2E6007F90F9 /* CornerRadius_Border_Gradient.swift */; };
		25F798942DB11C2E00BD7B7B /* LoginVC.swift in Sources */ = {isa = PBXBuildFile; fileRef = 25F798932DB11C2E00BD7B7B /* LoginVC.swift */; };
/* End PBXBuildFile section */

/* Begin PBXContainerItemProxy section */
		25F4FE462DACF272007F90F9 /* PBXContainerItemProxy */ = {
			isa = PBXContainerItemProxy;
			containerPortal = 25F4FE242DACF270007F90F9 /* Project object */;
			proxyType = 1;
			remoteGlobalIDString = 25F4FE2B2DACF270007F90F9;
			remoteInfo = AppleMusicPlayer;
		};
		25F4FE502DACF272007F90F9 /* PBXContainerItemProxy */ = {
			isa = PBXContainerItemProxy;
			containerPortal = 25F4FE242DACF270007F90F9 /* Project object */;
			proxyType = 1;
			remoteGlobalIDString = 25F4FE2B2DACF270007F90F9;
			remoteInfo = AppleMusicPlayer;
		};
/* End PBXContainerItemProxy section */

/* Begin PBXFileReference section */
		2559D3072DAE0E2E000BA1D1 /* XIBArtistCollectionCell.swift */ = {isa = PBXFileReference; lastKnownFileType = sourcecode.swift; path = XIBArtistCollectionCell.swift; sourceTree = "<group>"; };
		2559D3082DAE0E2E000BA1D1 /* XIBArtistCollectionCell.xib */ = {isa = PBXFileReference; lastKnownFileType = file.xib; path = XIBArtistCollectionCell.xib; sourceTree = "<group>"; };
		256A65FB2DB10CD50040E594 /* MainVC.swift */ = {isa = PBXFileReference; lastKnownFileType = sourcecode.swift; path = MainVC.swift; sourceTree = "<group>"; };
		25EDB4F42DAD09750028684C /* GoodBoy.mp3 */ = {isa = PBXFileReference; lastKnownFileType = audio.mp3; path = GoodBoy.mp3; sourceTree = "<group>"; };
		25EDB4F52DAD09750028684C /* BigDawgs.mp3 */ = {isa = PBXFileReference; lastKnownFileType = audio.mp3; path = BigDawgs.mp3; sourceTree = "<group>"; };
		25EDB4F62DAD09750028684C /* Millioner.mp3 */ = {isa = PBXFileReference; lastKnownFileType = audio.mp3; path = Millioner.mp3; sourceTree = "<group>"; };
		25EDB4F72DAD09750028684C /* Payal.mp3 */ = {isa = PBXFileReference; lastKnownFileType = audio.mp3; path = Payal.mp3; sourceTree = "<group>"; };
		25EDB4FC2DAD09FC0028684C /* SongListVC.swift */ = {isa = PBXFileReference; lastKnownFileType = sourcecode.swift; path = SongListVC.swift; sourceTree = "<group>"; };
		25EDB5022DAD1E900028684C /* XIBCell1.swift */ = {isa = PBXFileReference; lastKnownFileType = sourcecode.swift; path = XIBCell1.swift; sourceTree = "<group>"; };
		25EDB5032DAD1E900028684C /* XIBCell1.xib */ = {isa = PBXFileReference; lastKnownFileType = file.xib; path = XIBCell1.xib; sourceTree = "<group>"; };
		25EDB5062DAD20C10028684C /* PlayerVC.swift */ = {isa = PBXFileReference; lastKnownFileType = sourcecode.swift; path = PlayerVC.swift; sourceTree = "<group>"; };
		25F4FE2C2DACF270007F90F9 /* AppleMusicPlayer.app */ = {isa = PBXFileReference; explicitFileType = wrapper.application; includeInIndex = 0; path = AppleMusicPlayer.app; sourceTree = BUILT_PRODUCTS_DIR; };
		25F4FE452DACF272007F90F9 /* AppleMusicPlayerTests.xctest */ = {isa = PBXFileReference; explicitFileType = wrapper.cfbundle; includeInIndex = 0; path = AppleMusicPlayerTests.xctest; sourceTree = BUILT_PRODUCTS_DIR; };
		25F4FE4F2DACF272007F90F9 /* AppleMusicPlayerUITests.xctest */ = {isa = PBXFileReference; explicitFileType = wrapper.cfbundle; includeInIndex = 0; path = AppleMusicPlayerUITests.xctest; sourceTree = BUILT_PRODUCTS_DIR; };
		25F4FE632DACF2C6007F90F9 /* AppDelegate.swift */ = {isa = PBXFileReference; lastKnownFileType = sourcecode.swift; path = AppDelegate.swift; sourceTree = "<group>"; };
		25F4FE652DACF2C6007F90F9 /* Assets.xcassets */ = {isa = PBXFileReference; lastKnownFileType = folder.assetcatalog; path = Assets.xcassets; sourceTree = "<group>"; };
		25F4FE662DACF2C6007F90F9 /* Info.plist */ = {isa = PBXFileReference; lastKnownFileType = text.plist.xml; path = Info.plist; sourceTree = "<group>"; };
		25F4FE672DACF2C6007F90F9 /* Base */ = {isa = PBXFileReference; lastKnownFileType = file.storyboard; name = Base; path = Base.lproj/LaunchScreen.storyboard; sourceTree = "<group>"; };
		25F4FE692DACF2C6007F90F9 /* Base */ = {isa = PBXFileReference; lastKnownFileType = file.storyboard; name = Base; path = Base.lproj/Main.storyboard; sourceTree = "<group>"; };
		25F4FE6B2DACF2C6007F90F9 /* SceneDelegate.swift */ = {isa = PBXFileReference; lastKnownFileType = sourcecode.swift; path = SceneDelegate.swift; sourceTree = "<group>"; };
		25F4FE6C2DACF2C6007F90F9 /* ViewController.swift */ = {isa = PBXFileReference; lastKnownFileType = sourcecode.swift; path = ViewController.swift; sourceTree = "<group>"; };
		25F4FE6E2DACF2C6007F90F9 /* AppleMusicPlayer.xcdatamodel */ = {isa = PBXFileReference; lastKnownFileType = wrapper.xcdatamodel; path = AppleMusicPlayer.xcdatamodel; sourceTree = "<group>"; };
		25F4FE772DACF2CA007F90F9 /* AppleMusicPlayerTests.swift */ = {isa = PBXFileReference; lastKnownFileType = sourcecode.swift; path = AppleMusicPlayerTests.swift; sourceTree = "<group>"; };
		25F4FE7A2DACF2CD007F90F9 /* AppleMusicPlayerUITests.swift */ = {isa = PBXFileReference; lastKnownFileType = sourcecode.swift; path = AppleMusicPlayerUITests.swift; sourceTree = "<group>"; };
		25F4FE7B2DACF2CD007F90F9 /* AppleMusicPlayerUITestsLaunchTests.swift */ = {isa = PBXFileReference; lastKnownFileType = sourcecode.swift; path = AppleMusicPlayerUITestsLaunchTests.swift; sourceTree = "<group>"; };
		25F4FE802DACF2E6007F90F9 /* CornerRadius_Border_Gradient.swift */ = {isa = PBXFileReference; lastKnownFileType = sourcecode.swift; path = CornerRadius_Border_Gradient.swift; sourceTree = "<group>"; };
		25F798932DB11C2E00BD7B7B /* LoginVC.swift */ = {isa = PBXFileReference; lastKnownFileType = sourcecode.swift; path = LoginVC.swift; sourceTree = "<group>"; };
/* End PBXFileReference section */

/* Begin PBXFrameworksBuildPhase section */
		25F4FE292DACF270007F90F9 /* Frameworks */ = {
			isa = PBXFrameworksBuildPhase;
			buildActionMask = 2147483647;
			files = (
			);
			runOnlyForDeploymentPostprocessing = 0;
		};
		25F4FE422DACF272007F90F9 /* Frameworks */ = {
			isa = PBXFrameworksBuildPhase;
			buildActionMask = 2147483647;
			files = (
			);
			runOnlyForDeploymentPostprocessing = 0;
		};
		25F4FE4C2DACF272007F90F9 /* Frameworks */ = {
			isa = PBXFrameworksBuildPhase;
			buildActionMask = 2147483647;
			files = (
			);
			runOnlyForDeploymentPostprocessing = 0;
		};
/* End PBXFrameworksBuildPhase section */

/* Begin PBXGroup section */
		25EDB4F32DAD08210028684C /* Audio */ = {
			isa = PBXGroup;
			children = (
				25EDB4F42DAD09750028684C /* GoodBoy.mp3 */,
				25EDB4F52DAD09750028684C /* BigDawgs.mp3 */,
				25EDB4F62DAD09750028684C /* Millioner.mp3 */,
				25EDB4F72DAD09750028684C /* Payal.mp3 */,
			);
			path = Audio;
			sourceTree = "<group>";
		};
		25F4FE232DACF270007F90F9 = {
			isa = PBXGroup;
			children = (
				25F4FE6D2DACF2C6007F90F9 /* AppleMusicPlayer */,
				25F4FE782DACF2CA007F90F9 /* AppleMusicPlayerTests */,
				25F4FE7C2DACF2CD007F90F9 /* AppleMusicPlayerUITests */,
				25F4FE2D2DACF270007F90F9 /* Products */,
			);
			sourceTree = "<group>";
		};
		25F4FE2D2DACF270007F90F9 /* Products */ = {
			isa = PBXGroup;
			children = (
				25F4FE2C2DACF270007F90F9 /* AppleMusicPlayer.app */,
				25F4FE452DACF272007F90F9 /* AppleMusicPlayerTests.xctest */,
				25F4FE4F2DACF272007F90F9 /* AppleMusicPlayerUITests.xctest */,
			);
			name = Products;
			sourceTree = "<group>";
		};
		25F4FE6D2DACF2C6007F90F9 /* AppleMusicPlayer */ = {
			isa = PBXGroup;
			children = (
				25F4FE642DACF2C6007F90F9 /* AppleMusicPlayer.xcdatamodeld */,
				25F4FE662DACF2C6007F90F9 /* Info.plist */,
				25F4FE832DACF31F007F90F9 /* System */,
			);
			path = AppleMusicPlayer;
			sourceTree = "<group>";
		};
		25F4FE782DACF2CA007F90F9 /* AppleMusicPlayerTests */ = {
			isa = PBXGroup;
			children = (
				25F4FE772DACF2CA007F90F9 /* AppleMusicPlayerTests.swift */,
			);
			path = AppleMusicPlayerTests;
			sourceTree = "<group>";
		};
		25F4FE7C2DACF2CD007F90F9 /* AppleMusicPlayerUITests */ = {
			isa = PBXGroup;
			children = (
				25F4FE7A2DACF2CD007F90F9 /* AppleMusicPlayerUITests.swift */,
				25F4FE7B2DACF2CD007F90F9 /* AppleMusicPlayerUITestsLaunchTests.swift */,
			);
			path = AppleMusicPlayerUITests;
			sourceTree = "<group>";
		};
		25F4FE7F2DACF2D0007F90F9 /* VC */ = {
			isa = PBXGroup;
			children = (
				25F798932DB11C2E00BD7B7B /* LoginVC.swift */,
				256A65FB2DB10CD50040E594 /* MainVC.swift */,
				25F4FE6C2DACF2C6007F90F9 /* ViewController.swift */,
				25EDB4FC2DAD09FC0028684C /* SongListVC.swift */,
				25EDB5062DAD20C10028684C /* PlayerVC.swift */,
				25F4FE802DACF2E6007F90F9 /* CornerRadius_Border_Gradient.swift */,
			);
			path = VC;
			sourceTree = "<group>";
		};
		25F4FE822DACF30A007F90F9 /* StoryBoards */ = {
			isa = PBXGroup;
			children = (
				25F4FE682DACF2C6007F90F9 /* LaunchScreen.storyboard */,
				25F4FE6A2DACF2C6007F90F9 /* Main.storyboard */,
				2559D3072DAE0E2E000BA1D1 /* XIBArtistCollectionCell.swift */,
				2559D3082DAE0E2E000BA1D1 /* XIBArtistCollectionCell.xib */,
				25EDB5022DAD1E900028684C /* XIBCell1.swift */,
				25EDB5032DAD1E900028684C /* XIBCell1.xib */,
			);
			path = StoryBoards;
			sourceTree = "<group>";
		};
		25F4FE832DACF31F007F90F9 /* System */ = {
			isa = PBXGroup;
			children = (
				25EDB4F32DAD08210028684C /* Audio */,
				25F4FE842DACF669007F90F9 /* Assets */,
				25F4FE822DACF30A007F90F9 /* StoryBoards */,
				25F4FE7F2DACF2D0007F90F9 /* VC */,
				25F4FE632DACF2C6007F90F9 /* AppDelegate.swift */,
				25F4FE6B2DACF2C6007F90F9 /* SceneDelegate.swift */,
			);
			path = System;
			sourceTree = "<group>";
		};
		25F4FE842DACF669007F90F9 /* Assets */ = {
			isa = PBXGroup;
			children = (
				25F4FE652DACF2C6007F90F9 /* Assets.xcassets */,
			);
			path = Assets;
			sourceTree = "<group>";
		};
/* End PBXGroup section */

/* Begin PBXNativeTarget section */
		25F4FE2B2DACF270007F90F9 /* AppleMusicPlayer */ = {
			isa = PBXNativeTarget;
			buildConfigurationList = 25F4FE582DACF272007F90F9 /* Build configuration list for PBXNativeTarget "AppleMusicPlayer" */;
			buildPhases = (
				25F4FE282DACF270007F90F9 /* Sources */,
				25F4FE292DACF270007F90F9 /* Frameworks */,
				25F4FE2A2DACF270007F90F9 /* Resources */,
			);
			buildRules = (
			);
			dependencies = (
			);
			name = AppleMusicPlayer;
			packageProductDependencies = (
			);
			productName = AppleMusicPlayer;
			productReference = 25F4FE2C2DACF270007F90F9 /* AppleMusicPlayer.app */;
			productType = "com.apple.product-type.application";
		};
		25F4FE442DACF272007F90F9 /* AppleMusicPlayerTests */ = {
			isa = PBXNativeTarget;
			buildConfigurationList = 25F4FE5D2DACF272007F90F9 /* Build configuration list for PBXNativeTarget "AppleMusicPlayerTests" */;
			buildPhases = (
				25F4FE412DACF272007F90F9 /* Sources */,
				25F4FE422DACF272007F90F9 /* Frameworks */,
				25F4FE432DACF272007F90F9 /* Resources */,
			);
			buildRules = (
			);
			dependencies = (
				25F4FE472DACF272007F90F9 /* PBXTargetDependency */,
			);
			name = AppleMusicPlayerTests;
			packageProductDependencies = (
			);
			productName = AppleMusicPlayerTests;
			productReference = 25F4FE452DACF272007F90F9 /* AppleMusicPlayerTests.xctest */;
			productType = "com.apple.product-type.bundle.unit-test";
		};
		25F4FE4E2DACF272007F90F9 /* AppleMusicPlayerUITests */ = {
			isa = PBXNativeTarget;
			buildConfigurationList = 25F4FE602DACF272007F90F9 /* Build configuration list for PBXNativeTarget "AppleMusicPlayerUITests" */;
			buildPhases = (
				25F4FE4B2DACF272007F90F9 /* Sources */,
				25F4FE4C2DACF272007F90F9 /* Frameworks */,
				25F4FE4D2DACF272007F90F9 /* Resources */,
			);
			buildRules = (
			);
			dependencies = (
				25F4FE512DACF272007F90F9 /* PBXTargetDependency */,
			);
			name = AppleMusicPlayerUITests;
			packageProductDependencies = (
			);
			productName = AppleMusicPlayerUITests;
			productReference = 25F4FE4F2DACF272007F90F9 /* AppleMusicPlayerUITests.xctest */;
			productType = "com.apple.product-type.bundle.ui-testing";
		};
/* End PBXNativeTarget section */

/* Begin PBXProject section */
		25F4FE242DACF270007F90F9 /* Project object */ = {
			isa = PBXProject;
			attributes = {
				BuildIndependentTargetsInParallel = 1;
				LastSwiftUpdateCheck = 1630;
				LastUpgradeCheck = 1630;
				TargetAttributes = {
					25F4FE2B2DACF270007F90F9 = {
						CreatedOnToolsVersion = 16.3;
					};
					25F4FE442DACF272007F90F9 = {
						CreatedOnToolsVersion = 16.3;
						TestTargetID = 25F4FE2B2DACF270007F90F9;
					};
					25F4FE4E2DACF272007F90F9 = {
						CreatedOnToolsVersion = 16.3;
						TestTargetID = 25F4FE2B2DACF270007F90F9;
					};
				};
			};
			buildConfigurationList = 25F4FE272DACF270007F90F9 /* Build configuration list for PBXProject "AppleMusicPlayer" */;
			developmentRegion = en;
			hasScannedForEncodings = 0;
			knownRegions = (
				en,
				Base,
			);
			mainGroup = 25F4FE232DACF270007F90F9;
			minimizedProjectReferenceProxies = 1;
			preferredProjectObjectVersion = 77;
			productRefGroup = 25F4FE2D2DACF270007F90F9 /* Products */;
			projectDirPath = "";
			projectRoot = "";
			targets = (
				25F4FE2B2DACF270007F90F9 /* AppleMusicPlayer */,
				25F4FE442DACF272007F90F9 /* AppleMusicPlayerTests */,
				25F4FE4E2DACF272007F90F9 /* AppleMusicPlayerUITests */,
			);
		};
/* End PBXProject section */

/* Begin PBXResourcesBuildPhase section */
		25F4FE2A2DACF270007F90F9 /* Resources */ = {
			isa = PBXResourcesBuildPhase;
			buildActionMask = 2147483647;
			files = (
				25F4FE6F2DACF2C6007F90F9 /* Assets.xcassets in Resources */,
				25EDB5052DAD1E900028684C /* XIBCell1.xib in Resources */,
				2559D30A2DAE0E2E000BA1D1 /* XIBArtistCollectionCell.xib in Resources */,
				25F4FE712DACF2C6007F90F9 /* LaunchScreen.storyboard in Resources */,
				25EDB4F82DAD09750028684C /* Payal.mp3 in Resources */,
				25EDB4F92DAD09750028684C /* Millioner.mp3 in Resources */,
				25EDB4FA2DAD09750028684C /* GoodBoy.mp3 in Resources */,
				25EDB4FB2DAD09750028684C /* BigDawgs.mp3 in Resources */,
				25F4FE722DACF2C6007F90F9 /* Main.storyboard in Resources */,
			);
			runOnlyForDeploymentPostprocessing = 0;
		};
		25F4FE432DACF272007F90F9 /* Resources */ = {
			isa = PBXResourcesBuildPhase;
			buildActionMask = 2147483647;
			files = (
			);
			runOnlyForDeploymentPostprocessing = 0;
		};
		25F4FE4D2DACF272007F90F9 /* Resources */ = {
			isa = PBXResourcesBuildPhase;
			buildActionMask = 2147483647;
			files = (
			);
			runOnlyForDeploymentPostprocessing = 0;
		};
/* End PBXResourcesBuildPhase section */

/* Begin PBXSourcesBuildPhase section */
		25F4FE282DACF270007F90F9 /* Sources */ = {
			isa = PBXSourcesBuildPhase;
			buildActionMask = 2147483647;
			files = (
				25F798942DB11C2E00BD7B7B /* LoginVC.swift in Sources */,
				25F4FE732DACF2C6007F90F9 /* AppDelegate.swift in Sources */,
				256A65FC2DB10CD50040E594 /* MainVC.swift in Sources */,
				25F4FE742DACF2C6007F90F9 /* AppleMusicPlayer.xcdatamodeld in Sources */,
				25F4FE812DACF2E6007F90F9 /* CornerRadius_Border_Gradient.swift in Sources */,
				25F4FE752DACF2C6007F90F9 /* SceneDelegate.swift in Sources */,
				2559D3092DAE0E2E000BA1D1 /* XIBArtistCollectionCell.swift in Sources */,
				25F4FE762DACF2C6007F90F9 /* ViewController.swift in Sources */,
				25EDB5042DAD1E900028684C /* XIBCell1.swift in Sources */,
				25EDB4FD2DAD09FC0028684C /* SongListVC.swift in Sources */,
				25EDB5072DAD20C10028684C /* PlayerVC.swift in Sources */,
			);
			runOnlyForDeploymentPostprocessing = 0;
		};
		25F4FE412DACF272007F90F9 /* Sources */ = {
			isa = PBXSourcesBuildPhase;
			buildActionMask = 2147483647;
			files = (
				25F4FE792DACF2CA007F90F9 /* AppleMusicPlayerTests.swift in Sources */,
			);
			runOnlyForDeploymentPostprocessing = 0;
		};
		25F4FE4B2DACF272007F90F9 /* Sources */ = {
			isa = PBXSourcesBuildPhase;
			buildActionMask = 2147483647;
			files = (
				25F4FE7D2DACF2CD007F90F9 /* AppleMusicPlayerUITests.swift in Sources */,
				25F4FE7E2DACF2CD007F90F9 /* AppleMusicPlayerUITestsLaunchTests.swift in Sources */,
			);
			runOnlyForDeploymentPostprocessing = 0;
		};
/* End PBXSourcesBuildPhase section */

/* Begin PBXTargetDependency section */
		25F4FE472DACF272007F90F9 /* PBXTargetDependency */ = {
			isa = PBXTargetDependency;
			target = 25F4FE2B2DACF270007F90F9 /* AppleMusicPlayer */;
			targetProxy = 25F4FE462DACF272007F90F9 /* PBXContainerItemProxy */;
		};
		25F4FE512DACF272007F90F9 /* PBXTargetDependency */ = {
			isa = PBXTargetDependency;
			target = 25F4FE2B2DACF270007F90F9 /* AppleMusicPlayer */;
			targetProxy = 25F4FE502DACF272007F90F9 /* PBXContainerItemProxy */;
		};
/* End PBXTargetDependency section */

/* Begin PBXVariantGroup section */
		25F4FE682DACF2C6007F90F9 /* LaunchScreen.storyboard */ = {
			isa = PBXVariantGroup;
			children = (
				25F4FE672DACF2C6007F90F9 /* Base */,
			);
			name = LaunchScreen.storyboard;
			sourceTree = "<group>";
		};
		25F4FE6A2DACF2C6007F90F9 /* Main.storyboard */ = {
			isa = PBXVariantGroup;
			children = (
				25F4FE692DACF2C6007F90F9 /* Base */,
			);
			name = Main.storyboard;
			sourceTree = "<group>";
		};
/* End PBXVariantGroup section */

/* Begin XCBuildConfiguration section */
		25F4FE592DACF272007F90F9 /* Debug */ = {
			isa = XCBuildConfiguration;
			buildSettings = {
				ASSETCATALOG_COMPILER_APPICON_NAME = AppIcon;
				ASSETCATALOG_COMPILER_GLOBAL_ACCENT_COLOR_NAME = AccentColor;
				CODE_SIGN_STYLE = Automatic;
				CURRENT_PROJECT_VERSION = 1;
				GENERATE_INFOPLIST_FILE = YES;
				INFOPLIST_FILE = AppleMusicPlayer/Info.plist;
				INFOPLIST_KEY_CFBundleDisplayName = "Music Player";
				INFOPLIST_KEY_UIApplicationSupportsIndirectInputEvents = YES;
				INFOPLIST_KEY_UILaunchStoryboardName = LaunchScreen;
				INFOPLIST_KEY_UIMainStoryboardFile = Main;
				INFOPLIST_KEY_UISupportedInterfaceOrientations_iPad = "UIInterfaceOrientationPortrait UIInterfaceOrientationPortraitUpsideDown UIInterfaceOrientationLandscapeLeft UIInterfaceOrientationLandscapeRight";
				INFOPLIST_KEY_UISupportedInterfaceOrientations_iPhone = "UIInterfaceOrientationPortrait UIInterfaceOrientationLandscapeLeft UIInterfaceOrientationLandscapeRight";
				LD_RUNPATH_SEARCH_PATHS = (
					"$(inherited)",
					"@executable_path/Frameworks",
				);
				MARKETING_VERSION = 1.0;
				PRODUCT_BUNDLE_IDENTIFIER = com.AppleMusicPlayer;
				PRODUCT_NAME = "$(TARGET_NAME)";
				SWIFT_EMIT_LOC_STRINGS = YES;
				SWIFT_VERSION = 5.0;
				TARGETED_DEVICE_FAMILY = "1,2";
			};
			name = Debug;
		};
		25F4FE5A2DACF272007F90F9 /* Release */ = {
			isa = XCBuildConfiguration;
			buildSettings = {
				ASSETCATALOG_COMPILER_APPICON_NAME = AppIcon;
				ASSETCATALOG_COMPILER_GLOBAL_ACCENT_COLOR_NAME = AccentColor;
				CODE_SIGN_STYLE = Automatic;
				CURRENT_PROJECT_VERSION = 1;
				GENERATE_INFOPLIST_FILE = YES;
				INFOPLIST_FILE = AppleMusicPlayer/Info.plist;
				INFOPLIST_KEY_CFBundleDisplayName = "Music Player";
				INFOPLIST_KEY_UIApplicationSupportsIndirectInputEvents = YES;
				INFOPLIST_KEY_UILaunchStoryboardName = LaunchScreen;
				INFOPLIST_KEY_UIMainStoryboardFile = Main;
				INFOPLIST_KEY_UISupportedInterfaceOrientations_iPad = "UIInterfaceOrientationPortrait UIInterfaceOrientationPortraitUpsideDown UIInterfaceOrientationLandscapeLeft UIInterfaceOrientationLandscapeRight";
				INFOPLIST_KEY_UISupportedInterfaceOrientations_iPhone = "UIInterfaceOrientationPortrait UIInterfaceOrientationLandscapeLeft UIInterfaceOrientationLandscapeRight";
				LD_RUNPATH_SEARCH_PATHS = (
					"$(inherited)",
					"@executable_path/Frameworks",
				);
				MARKETING_VERSION = 1.0;
				PRODUCT_BUNDLE_IDENTIFIER = com.AppleMusicPlayer;
				PRODUCT_NAME = "$(TARGET_NAME)";
				SWIFT_EMIT_LOC_STRINGS = YES;
				SWIFT_VERSION = 5.0;
				TARGETED_DEVICE_FAMILY = "1,2";
			};
			name = Release;
		};
		25F4FE5B2DACF272007F90F9 /* Debug */ = {
			isa = XCBuildConfiguration;
			buildSettings = {
				ALWAYS_SEARCH_USER_PATHS = NO;
				ASSETCATALOG_COMPILER_GENERATE_SWIFT_ASSET_SYMBOL_EXTENSIONS = YES;
				CLANG_ANALYZER_NONNULL = YES;
				CLANG_ANALYZER_NUMBER_OBJECT_CONVERSION = YES_AGGRESSIVE;
				CLANG_CXX_LANGUAGE_STANDARD = "gnu++20";
				CLANG_ENABLE_MODULES = YES;
				CLANG_ENABLE_OBJC_ARC = YES;
				CLANG_ENABLE_OBJC_WEAK = YES;
				CLANG_WARN_BLOCK_CAPTURE_AUTORELEASING = YES;
				CLANG_WARN_BOOL_CONVERSION = YES;
				CLANG_WARN_COMMA = YES;
				CLANG_WARN_CONSTANT_CONVERSION = YES;
				CLANG_WARN_DEPRECATED_OBJC_IMPLEMENTATIONS = YES;
				CLANG_WARN_DIRECT_OBJC_ISA_USAGE = YES_ERROR;
				CLANG_WARN_DOCUMENTATION_COMMENTS = YES;
				CLANG_WARN_EMPTY_BODY = YES;
				CLANG_WARN_ENUM_CONVERSION = YES;
				CLANG_WARN_INFINITE_RECURSION = YES;
				CLANG_WARN_INT_CONVERSION = YES;
				CLANG_WARN_NON_LITERAL_NULL_CONVERSION = YES;
				CLANG_WARN_OBJC_IMPLICIT_RETAIN_SELF = YES;
				CLANG_WARN_OBJC_LITERAL_CONVERSION = YES;
				CLANG_WARN_OBJC_ROOT_CLASS = YES_ERROR;
				CLANG_WARN_QUOTED_INCLUDE_IN_FRAMEWORK_HEADER = YES;
				CLANG_WARN_RANGE_LOOP_ANALYSIS = YES;
				CLANG_WARN_STRICT_PROTOTYPES = YES;
				CLANG_WARN_SUSPICIOUS_MOVE = YES;
				CLANG_WARN_UNGUARDED_AVAILABILITY = YES_AGGRESSIVE;
				CLANG_WARN_UNREACHABLE_CODE = YES;
				CLANG_WARN__DUPLICATE_METHOD_MATCH = YES;
				COPY_PHASE_STRIP = NO;
				DEBUG_INFORMATION_FORMAT = dwarf;
				ENABLE_STRICT_OBJC_MSGSEND = YES;
				ENABLE_TESTABILITY = YES;
				ENABLE_USER_SCRIPT_SANDBOXING = YES;
				GCC_C_LANGUAGE_STANDARD = gnu17;
				GCC_DYNAMIC_NO_PIC = NO;
				GCC_NO_COMMON_BLOCKS = YES;
				GCC_OPTIMIZATION_LEVEL = 0;
				GCC_PREPROCESSOR_DEFINITIONS = (
					"DEBUG=1",
					"$(inherited)",
				);
				GCC_WARN_64_TO_32_BIT_CONVERSION = YES;
				GCC_WARN_ABOUT_RETURN_TYPE = YES_ERROR;
				GCC_WARN_UNDECLARED_SELECTOR = YES;
				GCC_WARN_UNINITIALIZED_AUTOS = YES_AGGRESSIVE;
				GCC_WARN_UNUSED_FUNCTION = YES;
				GCC_WARN_UNUSED_VARIABLE = YES;
				IPHONEOS_DEPLOYMENT_TARGET = 18.4;
				LOCALIZATION_PREFERS_STRING_CATALOGS = YES;
				MTL_ENABLE_DEBUG_INFO = INCLUDE_SOURCE;
				MTL_FAST_MATH = YES;
				ONLY_ACTIVE_ARCH = YES;
				SDKROOT = iphoneos;
				SWIFT_ACTIVE_COMPILATION_CONDITIONS = "DEBUG $(inherited)";
				SWIFT_OPTIMIZATION_LEVEL = "-Onone";
			};
			name = Debug;
		};
		25F4FE5C2DACF272007F90F9 /* Release */ = {
			isa = XCBuildConfiguration;
			buildSettings = {
				ALWAYS_SEARCH_USER_PATHS = NO;
				ASSETCATALOG_COMPILER_GENERATE_SWIFT_ASSET_SYMBOL_EXTENSIONS = YES;
				CLANG_ANALYZER_NONNULL = YES;
				CLANG_ANALYZER_NUMBER_OBJECT_CONVERSION = YES_AGGRESSIVE;
				CLANG_CXX_LANGUAGE_STANDARD = "gnu++20";
				CLANG_ENABLE_MODULES = YES;
				CLANG_ENABLE_OBJC_ARC = YES;
				CLANG_ENABLE_OBJC_WEAK = YES;
				CLANG_WARN_BLOCK_CAPTURE_AUTORELEASING = YES;
				CLANG_WARN_BOOL_CONVERSION = YES;
				CLANG_WARN_COMMA = YES;
				CLANG_WARN_CONSTANT_CONVERSION = YES;
				CLANG_WARN_DEPRECATED_OBJC_IMPLEMENTATIONS = YES;
				CLANG_WARN_DIRECT_OBJC_ISA_USAGE = YES_ERROR;
				CLANG_WARN_DOCUMENTATION_COMMENTS = YES;
				CLANG_WARN_EMPTY_BODY = YES;
				CLANG_WARN_ENUM_CONVERSION = YES;
				CLANG_WARN_INFINITE_RECURSION = YES;
				CLANG_WARN_INT_CONVERSION = YES;
				CLANG_WARN_NON_LITERAL_NULL_CONVERSION = YES;
				CLANG_WARN_OBJC_IMPLICIT_RETAIN_SELF = YES;
				CLANG_WARN_OBJC_LITERAL_CONVERSION = YES;
				CLANG_WARN_OBJC_ROOT_CLASS = YES_ERROR;
				CLANG_WARN_QUOTED_INCLUDE_IN_FRAMEWORK_HEADER = YES;
				CLANG_WARN_RANGE_LOOP_ANALYSIS = YES;
				CLANG_WARN_STRICT_PROTOTYPES = YES;
				CLANG_WARN_SUSPICIOUS_MOVE = YES;
				CLANG_WARN_UNGUARDED_AVAILABILITY = YES_AGGRESSIVE;
				CLANG_WARN_UNREACHABLE_CODE = YES;
				CLANG_WARN__DUPLICATE_METHOD_MATCH = YES;
				COPY_PHASE_STRIP = NO;
				DEBUG_INFORMATION_FORMAT = "dwarf-with-dsym";
				ENABLE_NS_ASSERTIONS = NO;
				ENABLE_STRICT_OBJC_MSGSEND = YES;
				ENABLE_USER_SCRIPT_SANDBOXING = YES;
				GCC_C_LANGUAGE_STANDARD = gnu17;
				GCC_NO_COMMON_BLOCKS = YES;
				GCC_WARN_64_TO_32_BIT_CONVERSION = YES;
				GCC_WARN_ABOUT_RETURN_TYPE = YES_ERROR;
				GCC_WARN_UNDECLARED_SELECTOR = YES;
				GCC_WARN_UNINITIALIZED_AUTOS = YES_AGGRESSIVE;
				GCC_WARN_UNUSED_FUNCTION = YES;
				GCC_WARN_UNUSED_VARIABLE = YES;
				IPHONEOS_DEPLOYMENT_TARGET = 18.4;
				LOCALIZATION_PREFERS_STRING_CATALOGS = YES;
				MTL_ENABLE_DEBUG_INFO = NO;
				MTL_FAST_MATH = YES;
				SDKROOT = iphoneos;
				SWIFT_COMPILATION_MODE = wholemodule;
				VALIDATE_PRODUCT = YES;
			};
			name = Release;
		};
		25F4FE5E2DACF272007F90F9 /* Debug */ = {
			isa = XCBuildConfiguration;
			buildSettings = {
				BUNDLE_LOADER = "$(TEST_HOST)";
				CODE_SIGN_STYLE = Automatic;
				CURRENT_PROJECT_VERSION = 1;
				GENERATE_INFOPLIST_FILE = YES;
				IPHONEOS_DEPLOYMENT_TARGET = 18.4;
				MARKETING_VERSION = 1.0;
				PRODUCT_BUNDLE_IDENTIFIER = com.AppleMusicPlayerTests;
				PRODUCT_NAME = "$(TARGET_NAME)";
				SWIFT_EMIT_LOC_STRINGS = NO;
				SWIFT_VERSION = 5.0;
				TARGETED_DEVICE_FAMILY = "1,2";
				TEST_HOST = "$(BUILT_PRODUCTS_DIR)/AppleMusicPlayer.app/$(BUNDLE_EXECUTABLE_FOLDER_PATH)/AppleMusicPlayer";
			};
			name = Debug;
		};
		25F4FE5F2DACF272007F90F9 /* Release */ = {
			isa = XCBuildConfiguration;
			buildSettings = {
				BUNDLE_LOADER = "$(TEST_HOST)";
				CODE_SIGN_STYLE = Automatic;
				CURRENT_PROJECT_VERSION = 1;
				GENERATE_INFOPLIST_FILE = YES;
				IPHONEOS_DEPLOYMENT_TARGET = 18.4;
				MARKETING_VERSION = 1.0;
				PRODUCT_BUNDLE_IDENTIFIER = com.AppleMusicPlayerTests;
				PRODUCT_NAME = "$(TARGET_NAME)";
				SWIFT_EMIT_LOC_STRINGS = NO;
				SWIFT_VERSION = 5.0;
				TARGETED_DEVICE_FAMILY = "1,2";
				TEST_HOST = "$(BUILT_PRODUCTS_DIR)/AppleMusicPlayer.app/$(BUNDLE_EXECUTABLE_FOLDER_PATH)/AppleMusicPlayer";
			};
			name = Release;
		};
		25F4FE612DACF272007F90F9 /* Debug */ = {
			isa = XCBuildConfiguration;
			buildSettings = {
				CODE_SIGN_STYLE = Automatic;
				CURRENT_PROJECT_VERSION = 1;
				GENERATE_INFOPLIST_FILE = YES;
				MARKETING_VERSION = 1.0;
				PRODUCT_BUNDLE_IDENTIFIER = com.AppleMusicPlayerUITests;
				PRODUCT_NAME = "$(TARGET_NAME)";
				SWIFT_EMIT_LOC_STRINGS = NO;
				SWIFT_VERSION = 5.0;
				TARGETED_DEVICE_FAMILY = "1,2";
				TEST_TARGET_NAME = AppleMusicPlayer;
			};
			name = Debug;
		};
		25F4FE622DACF272007F90F9 /* Release */ = {
			isa = XCBuildConfiguration;
			buildSettings = {
				CODE_SIGN_STYLE = Automatic;
				CURRENT_PROJECT_VERSION = 1;
				GENERATE_INFOPLIST_FILE = YES;
				MARKETING_VERSION = 1.0;
				PRODUCT_BUNDLE_IDENTIFIER = com.AppleMusicPlayerUITests;
				PRODUCT_NAME = "$(TARGET_NAME)";
				SWIFT_EMIT_LOC_STRINGS = NO;
				SWIFT_VERSION = 5.0;
				TARGETED_DEVICE_FAMILY = "1,2";
				TEST_TARGET_NAME = AppleMusicPlayer;
			};
			name = Release;
		};
/* End XCBuildConfiguration section */

/* Begin XCConfigurationList section */
		25F4FE272DACF270007F90F9 /* Build configuration list for PBXProject "AppleMusicPlayer" */ = {
			isa = XCConfigurationList;
			buildConfigurations = (
				25F4FE5B2DACF272007F90F9 /* Debug */,
				25F4FE5C2DACF272007F90F9 /* Release */,
			);
			defaultConfigurationIsVisible = 0;
			defaultConfigurationName = Release;
		};
		25F4FE582DACF272007F90F9 /* Build configuration list for PBXNativeTarget "AppleMusicPlayer" */ = {
			isa = XCConfigurationList;
			buildConfigurations = (
				25F4FE592DACF272007F90F9 /* Debug */,
				25F4FE5A2DACF272007F90F9 /* Release */,
			);
			defaultConfigurationIsVisible = 0;
			defaultConfigurationName = Release;
		};
		25F4FE5D2DACF272007F90F9 /* Build configuration list for PBXNativeTarget "AppleMusicPlayerTests" */ = {
			isa = XCConfigurationList;
			buildConfigurations = (
				25F4FE5E2DACF272007F90F9 /* Debug */,
				25F4FE5F2DACF272007F90F9 /* Release */,
			);
			defaultConfigurationIsVisible = 0;
			defaultConfigurationName = Release;
		};
		25F4FE602DACF272007F90F9 /* Build configuration list for PBXNativeTarget "AppleMusicPlayerUITests" */ = {
			isa = XCConfigurationList;
			buildConfigurations = (
				25F4FE612DACF272007F90F9 /* Debug */,
				25F4FE622DACF272007F90F9 /* Release */,
			);
			defaultConfigurationIsVisible = 0;
			defaultConfigurationName = Release;
		};
/* End XCConfigurationList section */

/* Begin XCVersionGroup section */
		25F4FE642DACF2C6007F90F9 /* AppleMusicPlayer.xcdatamodeld */ = {
			isa = XCVersionGroup;
			children = (
				25F4FE6E2DACF2C6007F90F9 /* AppleMusicPlayer.xcdatamodel */,
			);
			currentVersion = 25F4FE6E2DACF2C6007F90F9 /* AppleMusicPlayer.xcdatamodel */;
			path = AppleMusicPlayer.xcdatamodeld;
			sourceTree = "<group>";
			versionGroupType = wrapper.xcdatamodel;
		};
/* End XCVersionGroup section */
	};
	rootObject = 25F4FE242DACF270007F90F9 /* Project object */;
}
